PODS:
  - Alamofire (4.9.0)
  - SwiftyJSON (4.3.0)

DEPENDENCIES:
  - Alamofire (~> 4.9.0)
  - SwiftyJSON (~> 4.0)

SPEC REPOS:
  trunk:
    - Alamofire
    - SwiftyJSON

SPEC CHECKSUMS:
  Alamofire: afc3e7c6db61476cb45cdd23fed06bad03bbc321
  SwiftyJSON: 6faa0040f8b59dead0ee07436cbf76b73c08fd08

PODFILE CHECKSUM: aaaa65d15043562713f72275e701ba46db143d0c

COCOAPODS: 1.8.3
